PODS:
  - MBProgressHUD (1.1.0)
  - R.swift (5.0.0):
    - R.swift.Library (~> 5.0.0)
  - R.swift.Library (5.0.0)
  - RxAtomic (4.4.0)
  - RxCocoa (4.4.0):
    - RxSwift (~> 4.0)
  - RxSwift (4.4.0):
    - RxAtomic (~> 4.4)
  - SnapKit (4.2.0)
  - SwiftyJSON (4.2.0)

DEPENDENCIES:
  - MBProgressHUD
  - R.swift
  - RxCocoa
  - RxSwift
  - SnapKit
  - SwiftyJSON

SPEC REPOS:
  https://github.com/cocoapods/specs.git:
    - MBProgressHUD
    - R.swift
    - R.swift.Library
    - RxAtomic
    - RxCocoa
    - RxSwift
    - SnapKit
    - SwiftyJSON

SPEC CHECKSUMS:
  MBProgressHUD: e7baa36a220447d8aeb12769bf0585582f3866d9
  R.swift: f88c7d7d48a2be4dffa132dde1b3d389620310eb
  R.swift.Library: 0bf390e729bc10bb2c9e4fb78bd043164a7be4ff
  RxAtomic: eacf60db868c96bfd63320e28619fe29c179656f
  RxCocoa: df63ebf7b9a70d6b4eeea407ed5dd4efc8979749
  RxSwift: 5976ecd04fc2fefd648827c23de5e11157faa973
  SnapKit: fe8a619752f3f27075cc9a90244d75c6c3f27e2a
  SwiftyJSON: c4bcba26dd9ec7a027fc8eade48e2c911f229e96

PODFILE CHECKSUM: bf5e1c30fb18b1b1de08f435d07cbd503db3b66f

COCOAPODS: 1.5.3
